// !$*UTF8*$!
{
	archiveVersion = 1;
	classes = {
	};
	objectVersion = 46;
	objects = {

/* Begin PBXBuildFile section */
		9466A7CE1AF6537800602EC9 /* main.m in Sources */ = {isa = PBXBuildFile; fileRef = 9466A7CD1AF6537800602EC9 /* main.m */; };
		9466A7D11AF6537800602EC9 /* AppDelegate.m in Sources */ = {isa = PBXBuildFile; fileRef = 9466A7D01AF6537800602EC9 /* AppDelegate.m */; };
		9466A7D41AF6537800602EC9 /* ViewController.m in Sources */ = {isa = PBXBuildFile; fileRef = 9466A7D31AF6537800602EC9 /* ViewController.m */; };
		9466A7D71AF6537900602EC9 /* Main.storyboard in Resources */ = {isa = PBXBuildFile; fileRef = 9466A7D51AF6537900602EC9 /* Main.storyboard */; };
		9466A7D91AF6537900602EC9 /* Images.xcassets in Resources */ = {isa = PBXBuildFile; fileRef = 9466A7D81AF6537900602EC9 /* Images.xcassets */; };
		9466A7DC1AF6537900602EC9 /* LaunchScreen.xib in Resources */ = {isa = PBXBuildFile; fileRef = 9466A7DA1AF6537900602EC9 /* LaunchScreen.xib */; };
		9466A7E81AF6537900602EC9 /* Meet_me_I_m_Famous_Tests.m in Sources */ = {isa = PBXBuildFile; fileRef = 9466A7E71AF6537900602EC9 /* Meet_me_I_m_Famous_Tests.m */; };
		9466A7FE1AF65D7C00602EC9 /* Bolts.framework in Frameworks */ = {isa = PBXBuildFile; fileRef = 9466A7F81AF65D7100602EC9 /* Bolts.framework */; };
		9466A7FF1AF65D7C00602EC9 /* Parse.framework in Frameworks */ = {isa = PBXBuildFile; fileRef = 9466A7F91AF65D7100602EC9 /* Parse.framework */; };
		9466A8001AF65D7C00602EC9 /* ParseCrashReporting.framework in Frameworks */ = {isa = PBXBuildFile; fileRef = 9466A7FA1AF65D7100602EC9 /* ParseCrashReporting.framework */; };
		9466A8011AF65D7C00602EC9 /* ParseFacebookUtils.framework in Frameworks */ = {isa = PBXBuildFile; fileRef = 9466A7FB1AF65D7100602EC9 /* ParseFacebookUtils.framework */; };
		9466A8021AF65D7C00602EC9 /* ParseFacebookUtilsV4.framework in Frameworks */ = {isa = PBXBuildFile; fileRef = 9466A7FC1AF65D7100602EC9 /* ParseFacebookUtilsV4.framework */; };
		9466A8031AF65D7C00602EC9 /* ParseUI.framework in Frameworks */ = {isa = PBXBuildFile; fileRef = 9466A7FD1AF65D7100602EC9 /* ParseUI.framework */; };
		9466A8051AF65DAE00602EC9 /* Accounts.framework in Frameworks */ = {isa = PBXBuildFile; fileRef = 9466A8041AF65DAE00602EC9 /* Accounts.framework */; };
		9466A8071AF65DBA00602EC9 /* AudioToolbox.framework in Frameworks */ = {isa = PBXBuildFile; fileRef = 9466A8061AF65DBA00602EC9 /* AudioToolbox.framework */; };
		9466A8091AF65DC400602EC9 /* CFNetwork.framework in Frameworks */ = {isa = PBXBuildFile; fileRef = 9466A8081AF65DC400602EC9 /* CFNetwork.framework */; };
		9466A80B1AF65DCF00602EC9 /* CoreGraphics.framework in Frameworks */ = {isa = PBXBuildFile; fileRef = 9466A80A1AF65DCF00602EC9 /* CoreGraphics.framework */; };
		9466A80D1AF65DD800602EC9 /* CoreLocation.framework in Frameworks */ = {isa = PBXBuildFile; fileRef = 9466A80C1AF65DD800602EC9 /* CoreLocation.framework */; };
		9466A80F1AF65DE300602EC9 /* MobileCoreServices.framework in Frameworks */ = {isa = PBXBuildFile; fileRef = 9466A80E1AF65DE300602EC9 /* MobileCoreServices.framework */; };
		9466A8111AF65DEF00602EC9 /* QuartzCore.framework in Frameworks */ = {isa = PBXBuildFile; fileRef = 9466A8101AF65DEF00602EC9 /* QuartzCore.framework */; };
		9466A8131AF65DFA00602EC9 /* Security.framework in Frameworks */ = {isa = PBXBuildFile; fileRef = 9466A8121AF65DFA00602EC9 /* Security.framework */; };
		9466A8151AF65E0400602EC9 /* Social.framework in Frameworks */ = {isa = PBXBuildFile; fileRef = 9466A8141AF65E0400602EC9 /* Social.framework */; };
		9466A8191AF65E1B00602EC9 /* SystemConfiguration.framework in Frameworks */ = {isa = PBXBuildFile; fileRef = 9466A8181AF65E1B00602EC9 /* SystemConfiguration.framework */; };
		9466A81B1AF65E2A00602EC9 /* libz.dylib in Frameworks */ = {isa = PBXBuildFile; fileRef = 9466A81A1AF65E2A00602EC9 /* libz.dylib */; };
		9466A81D1AF65E3700602EC9 /* libsqlite3.dylib in Frameworks */ = {isa = PBXBuildFile; fileRef = 9466A81C1AF65E3700602EC9 /* libsqlite3.dylib */; };
		9466AAB81AF694E900602EC9 /* FBSDKCoreKit.framework in Frameworks */ = {isa = PBXBuildFile; fileRef = 9466AAB71AF694E900602EC9 /* FBSDKCoreKit.framework */; };
		9466AABA1AF6956B00602EC9 /* FBSDKLoginKit.framework in Frameworks */ = {isa = PBXBuildFile; fileRef = 9466AAB91AF6956B00602EC9 /* FBSDKLoginKit.framework */; };
		9466AABC1AF6958A00602EC9 /* Bolts.framework in Frameworks */ = {isa = PBXBuildFile; fileRef = 9466AABB1AF6958A00602EC9 /* Bolts.framework */; };
		9466AABE1AF6A93D00602EC9 /* libstdc++.6.dylib in Frameworks */ = {isa = PBXBuildFile; fileRef = 9466AABD1AF6A93D00602EC9 /* libstdc++.6.dylib */; };
		94AB36AB1AF80EC500F2A4C6 /* PALoginViewController.m in Sources */ = {isa = PBXBuildFile; fileRef = 94AB36AA1AF80EC500F2A4C6 /* PALoginViewController.m */; };
		94AB36AE1AF80F6900F2A4C6 /* iPhone 6.png in Resources */ = {isa = PBXBuildFile; fileRef = 94AB36AD1AF80F6900F2A4C6 /* iPhone 6.png */; };
/* End PBXBuildFile section */

/* Begin PBXContainerItemProxy section */
		9466A7E21AF6537900602EC9 /* PBXContainerItemProxy */ = {
			isa = PBXContainerItemProxy;
			containerPortal = 9466A7C01AF6537800602EC9 /* Project object */;
			proxyType = 1;
			remoteGlobalIDString = 9466A7C71AF6537800602EC9;
			remoteInfo = "Meet'me I'm Famous!";
		};
/* End PBXContainerItemProxy section */

/* Begin PBXFileReference section */
		9466A7C81AF6537800602EC9 /* Meet'me I'm Famous!.app */ = {isa = PBXFileReference; explicitFileType = wrapper.application; includeInIndex = 0; path = "Meet'me I'm Famous!.app"; sourceTree = BUILT_PRODUCTS_DIR; };
		9466A7CC1AF6537800602EC9 /* Info.plist */ = {isa = PBXFileReference; lastKnownFileType = text.plist.xml; path = Info.plist; sourceTree = "<group>"; };
		9466A7CD1AF6537800602EC9 /* main.m */ = {isa = PBXFileReference; lastKnownFileType = sourcecode.c.objc; path = main.m; sourceTree = "<group>"; };
		9466A7CF1AF6537800602EC9 /* AppDelegate.h */ = {isa = PBXFileReference; lastKnownFileType = sourcecode.c.h; path = AppDelegate.h; sourceTree = "<group>"; };
		9466A7D01AF6537800602EC9 /* AppDelegate.m */ = {isa = PBXFileReference; lastKnownFileType = sourcecode.c.objc; path = AppDelegate.m; sourceTree = "<group>"; };
		9466A7D21AF6537800602EC9 /* ViewController.h */ = {isa = PBXFileReference; lastKnownFileType = sourcecode.c.h; path = ViewController.h; sourceTree = "<group>"; };
		9466A7D31AF6537800602EC9 /* ViewController.m */ = {isa = PBXFileReference; lastKnownFileType = sourcecode.c.objc; path = ViewController.m; sourceTree = "<group>"; };
		9466A7D61AF6537900602EC9 /* Base */ = {isa = PBXFileReference; lastKnownFileType = file.storyboard; name = Base; path = Base.lproj/Main.storyboard; sourceTree = "<group>"; };
		9466A7D81AF6537900602EC9 /* Images.xcassets */ = {isa = PBXFileReference; lastKnownFileType = folder.assetcatalog; path = Images.xcassets; sourceTree = "<group>"; };
		9466A7DB1AF6537900602EC9 /* Base */ = {isa = PBXFileReference; lastKnownFileType = file.xib; name = Base; path = Base.lproj/LaunchScreen.xib; sourceTree = "<group>"; };
		9466A7E11AF6537900602EC9 /* Meet'me I'm Famous!Tests.xctest */ = {isa = PBXFileReference; explicitFileType = wrapper.cfbundle; includeInIndex = 0; path = "Meet'me I'm Famous!Tests.xctest"; sourceTree = BUILT_PRODUCTS_DIR; };
		9466A7E61AF6537900602EC9 /* Info.plist */ = {isa = PBXFileReference; lastKnownFileType = text.plist.xml; path = Info.plist; sourceTree = "<group>"; };
		9466A7E71AF6537900602EC9 /* Meet_me_I_m_Famous_Tests.m */ = {isa = PBXFileReference; lastKnownFileType = sourcecode.c.objc; path = Meet_me_I_m_Famous_Tests.m; sourceTree = "<group>"; };
		9466A7F81AF65D7100602EC9 /* Bolts.framework */ = {isa = PBXFileReference; lastKnownFileType = wrapper.framework; name = Bolts.framework; path = "../../Documents/parse-library-1.7.2/Bolts.framework"; sourceTree = "<group>"; };
		9466A7F91AF65D7100602EC9 /* Parse.framework */ = {isa = PBXFileReference; lastKnownFileType = wrapper.framework; name = Parse.framework; path = "../../Documents/parse-library-1.7.2/Parse.framework"; sourceTree = "<group>"; };
		9466A7FA1AF65D7100602EC9 /* ParseCrashReporting.framework */ = {isa = PBXFileReference; lastKnownFileType = wrapper.framework; name = ParseCrashReporting.framework; path = "../../Documents/parse-library-1.7.2/ParseCrashReporting.framework"; sourceTree = "<group>"; };
		9466A7FB1AF65D7100602EC9 /* ParseFacebookUtils.framework */ = {isa = PBXFileReference; lastKnownFileType = wrapper.framework; name = ParseFacebookUtils.framework; path = "../../Documents/parse-library-1.7.2/ParseFacebookUtils.framework"; sourceTree = "<group>"; };
		9466A7FC1AF65D7100602EC9 /* ParseFacebookUtilsV4.framework */ = {isa = PBXFileReference; lastKnownFileType = wrapper.framework; name = ParseFacebookUtilsV4.framework; path = "../../Documents/parse-library-1.7.2/ParseFacebookUtilsV4.framework"; sourceTree = "<group>"; };
		9466A7FD1AF65D7100602EC9 /* ParseUI.framework */ = {isa = PBXFileReference; lastKnownFileType = wrapper.framework; name = ParseUI.framework; path = "../../Documents/parse-library-1.7.2/ParseUI.framework"; sourceTree = "<group>"; };
		9466A8041AF65DAE00602EC9 /* Accounts.framework */ = {isa = PBXFileReference; lastKnownFileType = wrapper.framework; name = Accounts.framework; path = System/Library/Frameworks/Accounts.framework; sourceTree = SDKROOT; };
		9466A8061AF65DBA00602EC9 /* AudioToolbox.framework */ = {isa = PBXFileReference; lastKnownFileType = wrapper.framework; name = AudioToolbox.framework; path = System/Library/Frameworks/AudioToolbox.framework; sourceTree = SDKROOT; };
		9466A8081AF65DC400602EC9 /* CFNetwork.framework */ = {isa = PBXFileReference; lastKnownFileType = wrapper.framework; name = CFNetwork.framework; path = System/Library/Frameworks/CFNetwork.framework; sourceTree = SDKROOT; };
		9466A80A1AF65DCF00602EC9 /* CoreGraphics.framework */ = {isa = PBXFileReference; lastKnownFileType = wrapper.framework; name = CoreGraphics.framework; path = System/Library/Frameworks/CoreGraphics.framework; sourceTree = SDKROOT; };
		9466A80C1AF65DD800602EC9 /* CoreLocation.framework */ = {isa = PBXFileReference; lastKnownFileType = wrapper.framework; name = CoreLocation.framework; path = System/Library/Frameworks/CoreLocation.framework; sourceTree = SDKROOT; };
		9466A80E1AF65DE300602EC9 /* MobileCoreServices.framework */ = {isa = PBXFileReference; lastKnownFileType = wrapper.framework; name = MobileCoreServices.framework; path = System/Library/Frameworks/MobileCoreServices.framework; sourceTree = SDKROOT; };
		9466A8101AF65DEF00602EC9 /* QuartzCore.framework */ = {isa = PBXFileReference; lastKnownFileType = wrapper.framework; name = QuartzCore.framework; path = System/Library/Frameworks/QuartzCore.framework; sourceTree = SDKROOT; };
		9466A8121AF65DFA00602EC9 /* Security.framework */ = {isa = PBXFileReference; lastKnownFileType = wrapper.framework; name = Security.framework; path = System/Library/Frameworks/Security.framework; sourceTree = SDKROOT; };
		9466A8141AF65E0400602EC9 /* Social.framework */ = {isa = PBXFileReference; lastKnownFileType = wrapper.framework; name = Social.framework; path = System/Library/Frameworks/Social.framework; sourceTree = SDKROOT; };
		9466A8181AF65E1B00602EC9 /* SystemConfiguration.framework */ = {isa = PBXFileReference; lastKnownFileType = wrapper.framework; name = SystemConfiguration.framework; path = System/Library/Frameworks/SystemConfiguration.framework; sourceTree = SDKROOT; };
		9466A81A1AF65E2A00602EC9 /* libz.dylib */ = {isa = PBXFileReference; lastKnownFileType = "compiled.mach-o.dylib"; name = libz.dylib; path = usr/lib/libz.dylib; sourceTree = SDKROOT; };
		9466A81C1AF65E3700602EC9 /* libsqlite3.dylib */ = {isa = PBXFileReference; lastKnownFileType = "compiled.mach-o.dylib"; name = libsqlite3.dylib; path = usr/lib/libsqlite3.dylib; sourceTree = SDKROOT; };
		9466A9AF1AF6947200602EC9 /* Bolts.framework */ = {isa = PBXFileReference; lastKnownFileType = wrapper.framework; name = Bolts.framework; path = ../../Documents/FacebookSDK/Bolts.framework; sourceTree = "<group>"; };
		9466A9B71AF6947200602EC9 /* LICENSE */ = {isa = PBXFileReference; lastKnownFileType = text; name = LICENSE; path = ../../Documents/FacebookSDK/LICENSE; sourceTree = "<group>"; };
		9466AAB51AF694D800602EC9 /* FBSDKCoreKit.framework */ = {isa = PBXFileReference; lastKnownFileType = wrapper.framework; name = FBSDKCoreKit.framework; path = ../../Documents/FacebookSDK/FBSDKCoreKit.framework; sourceTree = "<group>"; };
		9466AAB71AF694E900602EC9 /* FBSDKCoreKit.framework */ = {isa = PBXFileReference; lastKnownFileType = wrapper.framework; name = FBSDKCoreKit.framework; path = ../../Documents/FacebookSDK/FBSDKCoreKit.framework; sourceTree = "<group>"; };
		9466AAB91AF6956B00602EC9 /* FBSDKLoginKit.framework */ = {isa = PBXFileReference; lastKnownFileType = wrapper.framework; name = FBSDKLoginKit.framework; path = ../../Documents/FacebookSDK/FBSDKLoginKit.framework; sourceTree = "<group>"; };
		9466AABB1AF6958A00602EC9 /* Bolts.framework */ = {isa = PBXFileReference; lastKnownFileType = wrapper.framework; name = Bolts.framework; path = ../../Documents/FacebookSDK/Bolts.framework; sourceTree = "<group>"; };
		9466AABD1AF6A93D00602EC9 /* libstdc++.6.dylib */ = {isa = PBXFileReference; lastKnownFileType = "compiled.mach-o.dylib"; name = "libstdc++.6.dylib"; path = "usr/lib/libstdc++.6.dylib"; sourceTree = SDKROOT; };
		94AB36AA1AF80EC500F2A4C6 /* PALoginViewController.m */ = {isa = PBXFileReference; fileEncoding = 4; lastKnownFileType = sourcecode.c.objc; path = PALoginViewController.m; sourceTree = "<group>"; };
		94AB36AC1AF80EE200F2A4C6 /* PALoginViewController.h */ = {isa = PBXFileReference; lastKnownFileType = sourcecode.c.h; path = PALoginViewController.h; sourceTree = "<group>"; };
		94AB36AD1AF80F6900F2A4C6 /* iPhone 6.png */ = {isa = PBXFileReference; lastKnownFileType = image.png; name = "iPhone 6.png"; path = "Images/iPhone 6.png"; sourceTree = "<group>"; };
/* End PBXFileReference section */

/* Begin PBXFrameworksBuildPhase section */
		9466A7C51AF6537800602EC9 /* Frameworks */ = {
			isa = PBXFrameworksBuildPhase;
			buildActionMask = 2147483647;
			files = (
				9466AABE1AF6A93D00602EC9 /* libstdc++.6.dylib in Frameworks */,
				9466A81D1AF65E3700602EC9 /* libsqlite3.dylib in Frameworks */,
				9466A81B1AF65E2A00602EC9 /* libz.dylib in Frameworks */,
				9466A8191AF65E1B00602EC9 /* SystemConfiguration.framework in Frameworks */,
				9466AAB81AF694E900602EC9 /* FBSDKCoreKit.framework in Frameworks */,
				9466A8151AF65E0400602EC9 /* Social.framework in Frameworks */,
				9466A8131AF65DFA00602EC9 /* Security.framework in Frameworks */,
				9466AABA1AF6956B00602EC9 /* FBSDKLoginKit.framework in Frameworks */,
				9466A8111AF65DEF00602EC9 /* QuartzCore.framework in Frameworks */,
				9466A80F1AF65DE300602EC9 /* MobileCoreServices.framework in Frameworks */,
				9466A8021AF65D7C00602EC9 /* ParseFacebookUtilsV4.framework in Frameworks */,
				9466A80D1AF65DD800602EC9 /* CoreLocation.framework in Frameworks */,
				9466A80B1AF65DCF00602EC9 /* CoreGraphics.framework in Frameworks */,
				9466A8091AF65DC400602EC9 /* CFNetwork.framework in Frameworks */,
				9466A8071AF65DBA00602EC9 /* AudioToolbox.framework in Frameworks */,
				9466AABC1AF6958A00602EC9 /* Bolts.framework in Frameworks */,
				9466A8051AF65DAE00602EC9 /* Accounts.framework in Frameworks */,
				9466A7FE1AF65D7C00602EC9 /* Bolts.framework in Frameworks */,
				9466A7FF1AF65D7C00602EC9 /* Parse.framework in Frameworks */,
				9466A8001AF65D7C00602EC9 /* ParseCrashReporting.framework in Frameworks */,
				9466A8011AF65D7C00602EC9 /* ParseFacebookUtils.framework in Frameworks */,
				9466A8031AF65D7C00602EC9 /* ParseUI.framework in Frameworks */,
			);
			runOnlyForDeploymentPostprocessing = 0;
		};
		9466A7DE1AF6537900602EC9 /* Frameworks */ = {
			isa = PBXFrameworksBuildPhase;
			buildActionMask = 2147483647;
			files = (
			);
			runOnlyForDeploymentPostprocessing = 0;
		};
/* End PBXFrameworksBuildPhase section */

/* Begin PBXGroup section */
		9466A7BF1AF6537800602EC9 = {
			isa = PBXGroup;
			children = (
				9466AABD1AF6A93D00602EC9 /* libstdc++.6.dylib */,
				9466AABB1AF6958A00602EC9 /* Bolts.framework */,
				9466AAB91AF6956B00602EC9 /* FBSDKLoginKit.framework */,
				9466AAB51AF694D800602EC9 /* FBSDKCoreKit.framework */,
				9466A9AF1AF6947200602EC9 /* Bolts.framework */,
				9466A9B71AF6947200602EC9 /* LICENSE */,
				9466A81C1AF65E3700602EC9 /* libsqlite3.dylib */,
				9466A81A1AF65E2A00602EC9 /* libz.dylib */,
				9466AAB71AF694E900602EC9 /* FBSDKCoreKit.framework */,
				9466A7FD1AF65D7100602EC9 /* ParseUI.framework */,
				9466A7FC1AF65D7100602EC9 /* ParseFacebookUtilsV4.framework */,
				9466A7FB1AF65D7100602EC9 /* ParseFacebookUtils.framework */,
				9466A7FA1AF65D7100602EC9 /* ParseCrashReporting.framework */,
				9466A7F91AF65D7100602EC9 /* Parse.framework */,
				9466A7F81AF65D7100602EC9 /* Bolts.framework */,
				9466A8181AF65E1B00602EC9 /* SystemConfiguration.framework */,
				9466A8141AF65E0400602EC9 /* Social.framework */,
				9466A8121AF65DFA00602EC9 /* Security.framework */,
				9466A8101AF65DEF00602EC9 /* QuartzCore.framework */,
				9466A80E1AF65DE300602EC9 /* MobileCoreServices.framework */,
				9466A80C1AF65DD800602EC9 /* CoreLocation.framework */,
				9466A80A1AF65DCF00602EC9 /* CoreGraphics.framework */,
				9466A8081AF65DC400602EC9 /* CFNetwork.framework */,
				9466A8061AF65DBA00602EC9 /* AudioToolbox.framework */,
				9466A8041AF65DAE00602EC9 /* Accounts.framework */,
				9466A7CA1AF6537800602EC9 /* Meet'me I'm Famous! */,
				9466A7E41AF6537900602EC9 /* Meet'me I'm Famous!Tests */,
				9466A7C91AF6537800602EC9 /* Products */,
			);
			sourceTree = "<group>";
		};
		9466A7C91AF6537800602EC9 /* Products */ = {
			isa = PBXGroup;
			children = (
				9466A7C81AF6537800602EC9 /* Meet'me I'm Famous!.app */,
				9466A7E11AF6537900602EC9 /* Meet'me I'm Famous!Tests.xctest */,
			);
			name = Products;
			sourceTree = "<group>";
		};
		9466A7CA1AF6537800602EC9 /* Meet'me I'm Famous! */ = {
			isa = PBXGroup;
			children = (
				9466A7CF1AF6537800602EC9 /* AppDelegate.h */,
				9466A7D01AF6537800602EC9 /* AppDelegate.m */,
				9466A7D21AF6537800602EC9 /* ViewController.h */,
				9466A7D31AF6537800602EC9 /* ViewController.m */,
				94AB36AC1AF80EE200F2A4C6 /* PALoginViewController.h */,
				94AB36AA1AF80EC500F2A4C6 /* PALoginViewController.m */,
				9466A7D51AF6537900602EC9 /* Main.storyboard */,
				9466A7D81AF6537900602EC9 /* Images.xcassets */,
				9466A7DA1AF6537900602EC9 /* LaunchScreen.xib */,
				9466A7CB1AF6537800602EC9 /* Supporting Files */,
			);
			path = "Meet'me I'm Famous!";
			sourceTree = "<group>";
		};
		9466A7CB1AF6537800602EC9 /* Supporting Files */ = {
			isa = PBXGroup;
			children = (
				94AB36AD1AF80F6900F2A4C6 /* iPhone 6.png */,
				9466A7CC1AF6537800602EC9 /* Info.plist */,
				9466A7CD1AF6537800602EC9 /* main.m */,
			);
			name = "Supporting Files";
			sourceTree = "<group>";
		};
		9466A7E41AF6537900602EC9 /* Meet'me I'm Famous!Tests */ = {
			isa = PBXGroup;
			children = (
				9466A7E71AF6537900602EC9 /* Meet_me_I_m_Famous_Tests.m */,
				9466A7E51AF6537900602EC9 /* Supporting Files */,
			);
			path = "Meet'me I'm Famous!Tests";
			sourceTree = "<group>";
		};
		9466A7E51AF6537900602EC9 /* Supporting Files */ = {
			isa = PBXGroup;
			children = (
				9466A7E61AF6537900602EC9 /* Info.plist */,
			);
			name = "Supporting Files";
			sourceTree = "<group>";
		};
/* End PBXGroup section */

/* Begin PBXNativeTarget section */
		9466A7C71AF6537800602EC9 /* Meet'me I'm Famous! */ = {
			isa = PBXNativeTarget;
			buildConfigurationList = 9466A7EB1AF6537900602EC9 /* Build configuration list for PBXNativeTarget "Meet'me I'm Famous!" */;
			buildPhases = (
				9466A7C41AF6537800602EC9 /* Sources */,
				9466A7C51AF6537800602EC9 /* Frameworks */,
				9466A7C61AF6537800602EC9 /* Resources */,
			);
			buildRules = (
			);
			dependencies = (
			);
			name = "Meet'me I'm Famous!";
			productName = "Meet'me I'm Famous!";
			productReference = 9466A7C81AF6537800602EC9 /* Meet'me I'm Famous!.app */;
			productType = "com.apple.product-type.application";
		};
		9466A7E01AF6537900602EC9 /* Meet'me I'm Famous!Tests */ = {
			isa = PBXNativeTarget;
			buildConfigurationList = 9466A7EE1AF6537900602EC9 /* Build configuration list for PBXNativeTarget "Meet'me I'm Famous!Tests" */;
			buildPhases = (
				9466A7DD1AF6537900602EC9 /* Sources */,
				9466A7DE1AF6537900602EC9 /* Frameworks */,
				9466A7DF1AF6537900602EC9 /* Resources */,
			);
			buildRules = (
			);
			dependencies = (
				9466A7E31AF6537900602EC9 /* PBXTargetDependency */,
			);
			name = "Meet'me I'm Famous!Tests";
			productName = "Meet'me I'm Famous!Tests";
			productReference = 9466A7E11AF6537900602EC9 /* Meet'me I'm Famous!Tests.xctest */;
			productType = "com.apple.product-type.bundle.unit-test";
		};
/* End PBXNativeTarget section */

/* Begin PBXProject section */
		9466A7C01AF6537800602EC9 /* Project object */ = {
			isa = PBXProject;
			attributes = {
				LastUpgradeCheck = 0610;
				ORGANIZATIONNAME = "Rodolphe Hugel";
				TargetAttributes = {
					9466A7C71AF6537800602EC9 = {
						CreatedOnToolsVersion = 6.1.1;
						DevelopmentTeam = 475ZG6KR4B;
						SystemCapabilities = {
							com.apple.InAppPurchase = {
								enabled = 0;
							};
						};
					};
					9466A7E01AF6537900602EC9 = {
						CreatedOnToolsVersion = 6.1.1;
						TestTargetID = 9466A7C71AF6537800602EC9;
					};
				};
			};
			buildConfigurationList = 9466A7C31AF6537800602EC9 /* Build configuration list for PBXProject "Meet'me I'm Famous!" */;
			compatibilityVersion = "Xcode 3.2";
			developmentRegion = English;
			hasScannedForEncodings = 0;
			knownRegions = (
				en,
				Base,
			);
			mainGroup = 9466A7BF1AF6537800602EC9;
			productRefGroup = 9466A7C91AF6537800602EC9 /* Products */;
			projectDirPath = "";
			projectRoot = "";
			targets = (
				9466A7C71AF6537800602EC9 /* Meet'me I'm Famous! */,
				9466A7E01AF6537900602EC9 /* Meet'me I'm Famous!Tests */,
			);
		};
/* End PBXProject section */

/* Begin PBXResourcesBuildPhase section */
		9466A7C61AF6537800602EC9 /* Resources */ = {
			isa = PBXResourcesBuildPhase;
			buildActionMask = 2147483647;
			files = (
				94AB36AE1AF80F6900F2A4C6 /* iPhone 6.png in Resources */,
				9466A7D71AF6537900602EC9 /* Main.storyboard in Resources */,
				9466A7DC1AF6537900602EC9 /* LaunchScreen.xib in Resources */,
				9466A7D91AF6537900602EC9 /* Images.xcassets in Resources */,
			);
			runOnlyForDeploymentPostprocessing = 0;
		};
		9466A7DF1AF6537900602EC9 /* Resources */ = {
			isa = PBXResourcesBuildPhase;
			buildActionMask = 2147483647;
			files = (
			);
			runOnlyForDeploymentPostprocessing = 0;
		};
/* End PBXResourcesBuildPhase section */

/* Begin PBXSourcesBuildPhase section */
		9466A7C41AF6537800602EC9 /* Sources */ = {
			isa = PBXSourcesBuildPhase;
			buildActionMask = 2147483647;
			files = (
				9466A7D41AF6537800602EC9 /* ViewController.m in Sources */,
				9466A7D11AF6537800602EC9 /* AppDelegate.m in Sources */,
				9466A7CE1AF6537800602EC9 /* main.m in Sources */,
				94AB36AB1AF80EC500F2A4C6 /* PALoginViewController.m in Sources */,
			);
			runOnlyForDeploymentPostprocessing = 0;
		};
		9466A7DD1AF6537900602EC9 /* Sources */ = {
			isa = PBXSourcesBuildPhase;
			buildActionMask = 2147483647;
			files = (
				9466A7E81AF6537900602EC9 /* Meet_me_I_m_Famous_Tests.m in Sources */,
			);
			runOnlyForDeploymentPostprocessing = 0;
		};
/* End PBXSourcesBuildPhase section */

/* Begin PBXTargetDependency section */
		9466A7E31AF6537900602EC9 /* PBXTargetDependency */ = {
			isa = PBXTargetDependency;
			target = 9466A7C71AF6537800602EC9 /* Meet'me I'm Famous! */;
			targetProxy = 9466A7E21AF6537900602EC9 /* PBXContainerItemProxy */;
		};
/* End PBXTargetDependency section */

/* Begin PBXVariantGroup section */
		9466A7D51AF6537900602EC9 /* Main.storyboard */ = {
			isa = PBXVariantGroup;
			children = (
				9466A7D61AF6537900602EC9 /* Base */,
			);
			name = Main.storyboard;
			sourceTree = "<group>";
		};
		9466A7DA1AF6537900602EC9 /* LaunchScreen.xib */ = {
			isa = PBXVariantGroup;
			children = (
				9466A7DB1AF6537900602EC9 /* Base */,
			);
			name = LaunchScreen.xib;
			sourceTree = "<group>";
		};
/* End PBXVariantGroup section */

/* Begin XCBuildConfiguration section */
		9466A7E91AF6537900602EC9 /* Debug */ = {
			isa = XCBuildConfiguration;
			buildSettings = {
				ALWAYS_SEARCH_USER_PATHS = NO;
				CLANG_CXX_LANGUAGE_STANDARD = "gnu++0x";
				CLANG_CXX_LIBRARY = "libc++";
				CLANG_ENABLE_MODULES = YES;
				CLANG_ENABLE_OBJC_ARC = YES;
				CLANG_WARN_BOOL_CONVERSION = YES;
				CLANG_WARN_CONSTANT_CONVERSION = YES;
				CLANG_WARN_DIRECT_OBJC_ISA_USAGE = YES_ERROR;
				CLANG_WARN_EMPTY_BODY = YES;
				CLANG_WARN_ENUM_CONVERSION = YES;
				CLANG_WARN_INT_CONVERSION = YES;
				CLANG_WARN_OBJC_ROOT_CLASS = YES_ERROR;
				CLANG_WARN_UNREACHABLE_CODE = YES;
				CLANG_WARN__DUPLICATE_METHOD_MATCH = YES;
				CODE_SIGN_IDENTITY = "iPhone Developer";
				"CODE_SIGN_IDENTITY[sdk=iphoneos*]" = "iPhone Developer";
				COPY_PHASE_STRIP = NO;
				ENABLE_STRICT_OBJC_MSGSEND = YES;
				GCC_C_LANGUAGE_STANDARD = gnu99;
				GCC_DYNAMIC_NO_PIC = NO;
				GCC_OPTIMIZATION_LEVEL = 0;
				GCC_PREPROCESSOR_DEFINITIONS = (
					"DEBUG=1",
					"$(inherited)",
				);
				GCC_SYMBOLS_PRIVATE_EXTERN = NO;
				GCC_WARN_64_TO_32_BIT_CONVERSION = YES;
				GCC_WARN_ABOUT_RETURN_TYPE = YES_ERROR;
				GCC_WARN_UNDECLARED_SELECTOR = YES;
				GCC_WARN_UNINITIALIZED_AUTOS = YES_AGGRESSIVE;
				GCC_WARN_UNUSED_FUNCTION = YES;
				GCC_WARN_UNUSED_VARIABLE = YES;
				IPHONEOS_DEPLOYMENT_TARGET = 8.1;
				MTL_ENABLE_DEBUG_INFO = YES;
				ONLY_ACTIVE_ARCH = YES;
				SDKROOT = iphoneos;
				TARGETED_DEVICE_FAMILY = "1,2";
			};
			name = Debug;
		};
		9466A7EA1AF6537900602EC9 /* Release */ = {
			isa = XCBuildConfiguration;
			buildSettings = {
				ALWAYS_SEARCH_USER_PATHS = NO;
				CLANG_CXX_LANGUAGE_STANDARD = "gnu++0x";
				CLANG_CXX_LIBRARY = "libc++";
				CLANG_ENABLE_MODULES = YES;
				CLANG_ENABLE_OBJC_ARC = YES;
				CLANG_WARN_BOOL_CONVERSION = YES;
				CLANG_WARN_CONSTANT_CONVERSION = YES;
				CLANG_WARN_DIRECT_OBJC_ISA_USAGE = YES_ERROR;
				CLANG_WARN_EMPTY_BODY = YES;
				CLANG_WARN_ENUM_CONVERSION = YES;
				CLANG_WARN_INT_CONVERSION = YES;
				CLANG_WARN_OBJC_ROOT_CLASS = YES_ERROR;
				CLANG_WARN_UNREACHABLE_CODE = YES;
				CLANG_WARN__DUPLICATE_METHOD_MATCH = YES;
				CODE_SIGN_IDENTITY = "iPhone Developer";
				"CODE_SIGN_IDENTITY[sdk=iphoneos*]" = "iPhone Developer";
				COPY_PHASE_STRIP = YES;
				ENABLE_NS_ASSERTIONS = NO;
				ENABLE_STRICT_OBJC_MSGSEND = YES;
				GCC_C_LANGUAGE_STANDARD = gnu99;
				GCC_WARN_64_TO_32_BIT_CONVERSION = YES;
				GCC_WARN_ABOUT_RETURN_TYPE = YES_ERROR;
				GCC_WARN_UNDECLARED_SELECTOR = YES;
				GCC_WARN_UNINITIALIZED_AUTOS = YES_AGGRESSIVE;
				GCC_WARN_UNUSED_FUNCTION = YES;
				GCC_WARN_UNUSED_VARIABLE = YES;
				IPHONEOS_DEPLOYMENT_TARGET = 8.1;
				MTL_ENABLE_DEBUG_INFO = NO;
				SDKROOT = iphoneos;
				TARGETED_DEVICE_FAMILY = "1,2";
				VALIDATE_PRODUCT = YES;
			};
			name = Release;
		};
		9466A7EC1AF6537900602EC9 /* Debug */ = {
			isa = XCBuildConfiguration;
			buildSettings = {
				ASSETCATALOG_COMPILER_APPICON_NAME = AppIcon;
				CODE_SIGN_IDENTITY = "iPhone Developer";
				"CODE_SIGN_IDENTITY[sdk=iphoneos*]" = "iPhone Developer";
				FRAMEWORK_SEARCH_PATHS = (
					"$(inherited)",
					/Users/Rodolphe/Documents/FacebookSDK,
					"/Users/Rodolphe/Documents/parse-library-1.7.2",
				);
				INFOPLIST_FILE = "Meet'me I'm Famous!/Info.plist";
				LD_RUNPATH_SEARCH_PATHS = "$(inherited) @executable_path/Frameworks";
				PRODUCT_NAME = "$(TARGET_NAME)";
				PROVISIONING_PROFILE = "";
			};
			name = Debug;
		};
		9466A7ED1AF6537900602EC9 /* Release */ = {
			isa = XCBuildConfiguration;
			buildSettings = {
				ASSETCATALOG_COMPILER_APPICON_NAME = AppIcon;
				CODE_SIGN_IDENTITY = "iPhone Developer";
				"CODE_SIGN_IDENTITY[sdk=iphoneos*]" = "iPhone Developer";
				FRAMEWORK_SEARCH_PATHS = (
					"$(inherited)",
					/Users/Rodolphe/Documents/FacebookSDK,
					"/Users/Rodolphe/Documents/parse-library-1.7.2",
				);
				INFOPLIST_FILE = "Meet'me I'm Famous!/Info.plist";
				LD_RUNPATH_SEARCH_PATHS = "$(inherited) @executable_path/Frameworks";
				PRODUCT_NAME = "$(TARGET_NAME)";
				PROVISIONING_PROFILE = "";
			};
			name = Release;
		};
		9466A7EF1AF6537900602EC9 /* Debug */ = {
			isa = XCBuildConfiguration;
			buildSettings = {
				BUNDLE_LOADER = "$(TEST_HOST)";
				FRAMEWORK_SEARCH_PATHS = (
					"$(SDKROOT)/Developer/Library/Frameworks",
					"$(inherited)",
				);
				GCC_PREPROCESSOR_DEFINITIONS = (
					"DEBUG=1",
					"$(inherited)",
				);
				INFOPLIST_FILE = "Meet'me I'm Famous!Tests/Info.plist";
				LD_RUNPATH_SEARCH_PATHS = "$(inherited) @executable_path/Frameworks @loader_path/Frameworks";
				PRODUCT_NAME = "$(TARGET_NAME)";
				TEST_HOST = "$(BUILT_PRODUCTS_DIR)/Meet'me I'm Famous!.app/Meet'me I'm Famous!";
			};
			name = Debug;
		};
		9466A7F01AF6537900602EC9 /* Release */ = {
			isa = XCBuildConfiguration;
			buildSettings = {
				BUNDLE_LOADER = "$(TEST_HOST)";
				FRAMEWORK_SEARCH_PATHS = (
					"$(SDKROOT)/Developer/Library/Frameworks",
					"$(inherited)",
				);
				INFOPLIST_FILE = "Meet'me I'm Famous!Tests/Info.plist";
				LD_RUNPATH_SEARCH_PATHS = "$(inherited) @executable_path/Frameworks @loader_path/Frameworks";
				PRODUCT_NAME = "$(TARGET_NAME)";
				TEST_HOST = "$(BUILT_PRODUCTS_DIR)/Meet'me I'm Famous!.app/Meet'me I'm Famous!";
			};
			name = Release;
		};
/* End XCBuildConfiguration section */

/* Begin XCConfigurationList section */
		9466A7C31AF6537800602EC9 /* Build configuration list for PBXProject "Meet'me I'm Famous!" */ = {
			isa = XCConfigurationList;
			buildConfigurations = (
				9466A7E91AF6537900602EC9 /* Debug */,
				9466A7EA1AF6537900602EC9 /* Release */,
			);
			defaultConfigurationIsVisible = 0;
			defaultConfigurationName = Release;
		};
		9466A7EB1AF6537900602EC9 /* Build configuration list for PBXNativeTarget "Meet'me I'm Famous!" */ = {
			isa = XCConfigurationList;
			buildConfigurations = (
				9466A7EC1AF6537900602EC9 /* Debug */,
				9466A7ED1AF6537900602EC9 /* Release */,
			);
			defaultConfigurationIsVisible = 0;
			defaultConfigurationName = Release;
		};
		9466A7EE1AF6537900602EC9 /* Build configuration list for PBXNativeTarget "Meet'me I'm Famous!Tests" */ = {
			isa = XCConfigurationList;
			buildConfigurations = (
				9466A7EF1AF6537900602EC9 /* Debug */,
				9466A7F01AF6537900602EC9 /* Release */,
			);
			defaultConfigurationIsVisible = 0;
			defaultConfigurationName = Release;
		};
/* End XCConfigurationList section */
	};
	rootObject = 9466A7C01AF6537800602EC9 /* Project object */;
}
